
Microsoft Visual Studio Solution File, Format Version 12.00
# Visual Studio Version 16
VisualStudioVersion = 16.0.30011.22
MinimumVisualStudioVersion = 10.0.40219.1
Project("{9A19103F-16F7-4668-BE54-9A1E7A4F7556}") = "Lab_4_zavd_1", "Lab_4_zavd_1\Lab_4_zavd_1.csproj", "{7DB9CC52-405F-4EB8-9B5B-48D6FD38645A}"
EndProject
Project("{FAE04EC0-301F-11D3-BF4B-00C04F79EFBC}") = "UnitTestProject1", "UnitTestProject1\UnitTestProject1.csproj", "{CDE83E27-15EA-4BDB-A65A-3D4EB4C05780}"
EndProject
Global
	GlobalSection(SolutionConfigurationPlatforms) = preSolution
		Debug|Any CPU = Debug|Any CPU
		Release|Any CPU = Release|Any CPU
	EndGlobalSection
	GlobalSection(ProjectConfigurationPlatforms) = postSolution
		{7DB9CC52-405F-4EB8-9B5B-48D6FD38645A}.Debug|Any CPU.ActiveCfg = Debug|Any CPU
		{7DB9CC52-405F-4EB8-9B5B-48D6FD38645A}.Debug|Any CPU.Build.0 = Debug|Any CPU
		{7DB9CC52-405F-4EB8-9B5B-48D6FD38645A}.Release|Any CPU.ActiveCfg = Release|Any CPU
		{7DB9CC52-405F-4EB8-9B5B-48D6FD38645A}.Release|Any CPU.Build.0 = Release|Any CPU
		{CDE83E27-15EA-4BDB-A65A-3D4EB4C05780}.Debug|Any CPU.ActiveCfg = Debug|Any CPU
		{CDE83E27-15EA-4BDB-A65A-3D4EB4C05780}.Debug|Any CPU.Build.0 = Debug|Any CPU
		{CDE83E27-15EA-4BDB-A65A-3D4EB4C05780}.Release|Any CPU.ActiveCfg = Release|Any CPU
		{CDE83E27-15EA-4BDB-A65A-3D4EB4C05780}.Release|Any CPU.Build.0 = Release|Any CPU
	EndGlobalSection
	GlobalSection(SolutionProperties) = preSolution
		HideSolutionNode = FALSE
	EndGlobalSection
	GlobalSection(ExtensibilityGlobals) = postSolution
		SolutionGuid = {6B77E069-5CE9-4449-A534-E7D601E0E045}
	EndGlobalSection
EndGlobal
